{
  "requires": true,
  "lockfileVersion": 1,
  "dependencies": {
    "personnummer.js": {
      "version": "2.0.1",
      "resolved": "https://registry.npmjs.org/personnummer.js/-/personnummer.js-2.0.1.tgz",
      "integrity": "sha512-RQpXdIHJQCOujlse94Qn6irsniER6+t8bSSSqmv+GOYywP/0fYRn55QPBpSXbawkgtPqF8yV0xRE6E7vXOmLqw=="
    }
  }
}
